
Microsoft Visual Studio Solution File, Format Version 12.00
# Visual Studio Version 17
VisualStudioVersion = 17.14.36616.10 d17.14
MinimumVisualStudioVersion = 10.0.40219.1
Project("{FAE04EC0-301F-11D3-BF4B-00C04F79EFBC}") = "ListajuegosCoop", "ListajuegosCoop.csproj", "{FDC5476E-6007-4B2E-B579-6ADE6410F0B0}"
EndProject
Global
	GlobalSection(SolutionConfigurationPlatforms) = preSolution
		Debug|Any CPU = Debug|Any CPU
		Release|Any CPU = Release|Any CPU
	EndGlobalSection
	GlobalSection(ProjectConfigurationPlatforms) = postSolution
		{FDC5476E-6007-4B2E-B579-6ADE6410F0B0}.Debug|Any CPU.ActiveCfg = Debug|Any CPU
		{FDC5476E-6007-4B2E-B579-6ADE6410F0B0}.Debug|Any CPU.Build.0 = Debug|Any CPU
		{FDC5476E-6007-4B2E-B579-6ADE6410F0B0}.Release|Any CPU.ActiveCfg = Release|Any CPU
		{FDC5476E-6007-4B2E-B579-6ADE6410F0B0}.Release|Any CPU.Build.0 = Release|Any CPU
	EndGlobalSection
	GlobalSection(SolutionProperties) = preSolution
		HideSolutionNode = FALSE
	EndGlobalSection
	GlobalSection(ExtensibilityGlobals) = postSolution
		SolutionGuid = {1A0711B9-732A-415E-85F1-2DB72485AEF9}
	EndGlobalSection
EndGlobal
